
Microsoft Visual Studio Solution File, Format Version 12.00
Project("{FAE04EC0-301F-11D3-BF4B-00C04F79EFBC}") = "CouchPlayTest", "CouchPlayTest\CouchPlayTest.csproj", "{8057E492-8543-48BA-BBFC-7317262075F3}"
EndProject
Global
	GlobalSection(SolutionConfigurationPlatforms) = preSolution
		Debug|Any CPU = Debug|Any CPU
		Release|Any CPU = Release|Any CPU
	EndGlobalSection
	GlobalSection(ProjectConfigurationPlatforms) = postSolution
		{8057E492-8543-48BA-BBFC-7317262075F3}.Debug|Any CPU.ActiveCfg = Debug|Any CPU
		{8057E492-8543-48BA-BBFC-7317262075F3}.Debug|Any CPU.Build.0 = Debug|Any CPU
		{8057E492-8543-48BA-BBFC-7317262075F3}.Release|Any CPU.ActiveCfg = Release|Any CPU
		{8057E492-8543-48BA-BBFC-7317262075F3}.Release|Any CPU.Build.0 = Release|Any CPU
	EndGlobalSection
EndGlobal
